
Microsoft Visual Studio Solution File, Format Version 12.00
# Visual Studio 15
VisualStudioVersion = 15.0.27703.2035
MinimumVisualStudioVersion = 10.0.40219.1
Project("{E24C65DC-7377-472B-9ABA-BC803B73C61A}") = "BA-introToClass", "BA-introToClass\", "{8D83AD47-CEFB-4CF9-ABF1-DAE5173EE0BB}"
	ProjectSection(WebsiteProperties) = preProject
		TargetFrameworkMoniker = ".NETFramework,Version%3Dv4.6.1"
		Debug.AspNetCompiler.VirtualPath = "/localhost_1598"
		Debug.AspNetCompiler.PhysicalPath = "BA-introToClass\"
		Debug.AspNetCompiler.TargetPath = "PrecompiledWeb\localhost_1598\"
		Debug.AspNetCompiler.Updateable = "true"
		Debug.AspNetCompiler.ForceOverwrite = "true"
		Debug.AspNetCompiler.FixedNames = "false"
		Debug.AspNetCompiler.Debug = "True"
		Release.AspNetCompiler.VirtualPath = "/localhost_1598"
		Release.AspNetCompiler.PhysicalPath = "BA-introToClass\"
		Release.AspNetCompiler.TargetPath = "PrecompiledWeb\localhost_1598\"
		Release.AspNetCompiler.Updateable = "true"
		Release.AspNetCompiler.ForceOverwrite = "true"
		Release.AspNetCompiler.FixedNames = "false"
		Release.AspNetCompiler.Debug = "False"
		VWDPort = "1598"
		SlnRelativePath = "BA-introToClass\"
		DefaultWebSiteLanguage = "Visual C#"
	EndProjectSection
EndProject
Global
	GlobalSection(SolutionConfigurationPlatforms) = preSolution
		Debug|Any CPU = Debug|Any CPU
	EndGlobalSection
	GlobalSection(ProjectConfigurationPlatforms) = postSolution
		{8D83AD47-CEFB-4CF9-ABF1-DAE5173EE0BB}.Debug|Any CPU.ActiveCfg = Debug|Any CPU
		{8D83AD47-CEFB-4CF9-ABF1-DAE5173EE0BB}.Debug|Any CPU.Build.0 = Debug|Any CPU
	EndGlobalSection
	GlobalSection(SolutionProperties) = preSolution
		HideSolutionNode = FALSE
	EndGlobalSection
	GlobalSection(ExtensibilityGlobals) = postSolution
		SolutionGuid = {BDD85250-A486-476E-BBDD-2987DA92D9C6}
	EndGlobalSection
EndGlobal
